// !$*UTF8*$!
{
	archiveVersion = 1;
	classes = {
	};
	objectVersion = 46;
	objects = {

/* Begin PBXBuildFile section */
		1C679B751B09EF4D006D6445 /* AppDelegate.swift in Sources */ = {isa = PBXBuildFile; fileRef = 1C679B741B09EF4D006D6445 /* AppDelegate.swift */; };
		1C679B7C1B09EF4D006D6445 /* Main.storyboard in Resources */ = {isa = PBXBuildFile; fileRef = 1C679B7A1B09EF4D006D6445 /* Main.storyboard */; };
		1C679B7E1B09EF4D006D6445 /* Images.xcassets in Resources */ = {isa = PBXBuildFile; fileRef = 1C679B7D1B09EF4D006D6445 /* Images.xcassets */; };
		1C679B811B09EF4D006D6445 /* LaunchScreen.xib in Resources */ = {isa = PBXBuildFile; fileRef = 1C679B7F1B09EF4D006D6445 /* LaunchScreen.xib */; };
		1C679B8D1B09EF4D006D6445 /* MCPTests.swift in Sources */ = {isa = PBXBuildFile; fileRef = 1C679B8C1B09EF4D006D6445 /* MCPTests.swift */; };
		1C679B9C1B09F3D1006D6445 /* InternetConnection.swift in Sources */ = {isa = PBXBuildFile; fileRef = 1C679B9A1B09F3D1006D6445 /* InternetConnection.swift */; };
		1C679B9D1B09F3D1006D6445 /* Settings.swift in Sources */ = {isa = PBXBuildFile; fileRef = 1C679B9B1B09F3D1006D6445 /* Settings.swift */; };
		1C679BA11B09F75B006D6445 /* DataSet.swift in Sources */ = {isa = PBXBuildFile; fileRef = 1C679B9E1B09F75B006D6445 /* DataSet.swift */; };
		1C679BA21B09F75B006D6445 /* DataManager.swift in Sources */ = {isa = PBXBuildFile; fileRef = 1C679B9F1B09F75B006D6445 /* DataManager.swift */; };
		1C679BA31B09F75B006D6445 /* SingletonObject.swift in Sources */ = {isa = PBXBuildFile; fileRef = 1C679BA01B09F75B006D6445 /* SingletonObject.swift */; };
		1C679BA51B09F776006D6445 /* ShowAlert.swift in Sources */ = {isa = PBXBuildFile; fileRef = 1C679BA41B09F776006D6445 /* ShowAlert.swift */; };
		1C679BA81B09F79B006D6445 /* GetService.swift in Sources */ = {isa = PBXBuildFile; fileRef = 1C679BA71B09F79B006D6445 /* GetService.swift */; };
		1C679BAD1B09FA30006D6445 /* SecondTabController.swift in Sources */ = {isa = PBXBuildFile; fileRef = 1C679BAC1B09FA30006D6445 /* SecondTabController.swift */; };
		1C7970A51B3D539E0026886E /* image1.jpg in Resources */ = {isa = PBXBuildFile; fileRef = 1C79709E1B3D539E0026886E /* image1.jpg */; };
		1C7970A61B3D539E0026886E /* image2.jpg in Resources */ = {isa = PBXBuildFile; fileRef = 1C79709F1B3D539E0026886E /* image2.jpg */; };
		1C7970A71B3D539E0026886E /* image3.jpg in Resources */ = {isa = PBXBuildFile; fileRef = 1C7970A01B3D539E0026886E /* image3.jpg */; };
		1C7970A81B3D539E0026886E /* image4.jpg in Resources */ = {isa = PBXBuildFile; fileRef = 1C7970A11B3D539E0026886E /* image4.jpg */; };
		1C7970A91B3D539E0026886E /* image5.jpg in Resources */ = {isa = PBXBuildFile; fileRef = 1C7970A21B3D539E0026886E /* image5.jpg */; };
		1C7970AA1B3D539E0026886E /* image6.jpg in Resources */ = {isa = PBXBuildFile; fileRef = 1C7970A31B3D539E0026886E /* image6.jpg */; };
		1C7970AB1B3D539E0026886E /* Smyril-Line-logo.png in Resources */ = {isa = PBXBuildFile; fileRef = 1C7970A41B3D539E0026886E /* Smyril-Line-logo.png */; };
		1C898A5B1B1401900007BC2A /* Annotation.swift in Sources */ = {isa = PBXBuildFile; fileRef = 1C898A5A1B1401900007BC2A /* Annotation.swift */; };
		1C898A631B1452A90007BC2A /* FirstTabController.swift in Sources */ = {isa = PBXBuildFile; fileRef = 1C898A621B1452A90007BC2A /* FirstTabController.swift */; };
		1CBCAEBA1B0C4D6600B4FCB4 /* FourthTabController.swift in Sources */ = {isa = PBXBuildFile; fileRef = 1CBCAEB91B0C4D6600B4FCB4 /* FourthTabController.swift */; };
		1CD80E9D1B135B7A00C767AB /* CoreLocation.framework in Frameworks */ = {isa = PBXBuildFile; fileRef = 1CD80E9C1B135B7A00C767AB /* CoreLocation.framework */; };
		1CD80E9F1B135B9500C767AB /* CoreGraphics.framework in Frameworks */ = {isa = PBXBuildFile; fileRef = 1CD80E9E1B135B9500C767AB /* CoreGraphics.framework */; };
		1CDC47941B0B5A47001CC8F5 /* ViewController.swift in Sources */ = {isa = PBXBuildFile; fileRef = 1CDC47921B0B5A47001CC8F5 /* ViewController.swift */; };
		1CDC47951B0B5A47001CC8F5 /* PageItemController.swift in Sources */ = {isa = PBXBuildFile; fileRef = 1CDC47931B0B5A47001CC8F5 /* PageItemController.swift */; };
/* End PBXBuildFile section */

/* Begin PBXContainerItemProxy section */
		1C679B871B09EF4D006D6445 /* PBXContainerItemProxy */ = {
			isa = PBXContainerItemProxy;
			containerPortal = 1C679B671B09EF4D006D6445 /* Project object */;
			proxyType = 1;
			remoteGlobalIDString = 1C679B6E1B09EF4D006D6445;
			remoteInfo = MCP;
		};
/* End PBXContainerItemProxy section */

/* Begin PBXFileReference section */
		1C679B6F1B09EF4D006D6445 /* MCP.app */ = {isa = PBXFileReference; explicitFileType = wrapper.application; includeInIndex = 0; path = MCP.app; sourceTree = BUILT_PRODUCTS_DIR; };
		1C679B731B09EF4D006D6445 /* Info.plist */ = {isa = PBXFileReference; lastKnownFileType = text.plist.xml; path = Info.plist; sourceTree = "<group>"; };
		1C679B741B09EF4D006D6445 /* AppDelegate.swift */ = {isa = PBXFileReference; lastKnownFileType = sourcecode.swift; path = AppDelegate.swift; sourceTree = "<group>"; };
		1C679B7B1B09EF4D006D6445 /* Base */ = {isa = PBXFileReference; lastKnownFileType = file.storyboard; name = Base; path = Base.lproj/Main.storyboard; sourceTree = "<group>"; };
		1C679B7D1B09EF4D006D6445 /* Images.xcassets */ = {isa = PBXFileReference; lastKnownFileType = folder.assetcatalog; path = Images.xcassets; sourceTree = "<group>"; };
		1C679B801B09EF4D006D6445 /* Base */ = {isa = PBXFileReference; lastKnownFileType = file.xib; name = Base; path = Base.lproj/LaunchScreen.xib; sourceTree = "<group>"; };
		1C679B861B09EF4D006D6445 /* MCPTests.xctest */ = {isa = PBXFileReference; explicitFileType = wrapper.cfbundle; includeInIndex = 0; path = MCPTests.xctest; sourceTree = BUILT_PRODUCTS_DIR; };
		1C679B8B1B09EF4D006D6445 /* Info.plist */ = {isa = PBXFileReference; lastKnownFileType = text.plist.xml; path = Info.plist; sourceTree = "<group>"; };
		1C679B8C1B09EF4D006D6445 /* MCPTests.swift */ = {isa = PBXFileReference; lastKnownFileType = sourcecode.swift; path = MCPTests.swift; sourceTree = "<group>"; };
		1C679B9A1B09F3D1006D6445 /* InternetConnection.swift */ = {isa = PBXFileReference; fileEncoding = 4; lastKnownFileType = sourcecode.swift; path = InternetConnection.swift; sourceTree = "<group>"; };
		1C679B9B1B09F3D1006D6445 /* Settings.swift */ = {isa = PBXFileReference; fileEncoding = 4; lastKnownFileType = sourcecode.swift; path = Settings.swift; sourceTree = "<group>"; };
		1C679B9E1B09F75B006D6445 /* DataSet.swift */ = {isa = PBXFileReference; fileEncoding = 4; lastKnownFileType = sourcecode.swift; path = DataSet.swift; sourceTree = "<group>"; };
		1C679B9F1B09F75B006D6445 /* DataManager.swift */ = {isa = PBXFileReference; fileEncoding = 4; lastKnownFileType = sourcecode.swift; path = DataManager.swift; sourceTree = "<group>"; };
		1C679BA01B09F75B006D6445 /* SingletonObject.swift */ = {isa = PBXFileReference; fileEncoding = 4; lastKnownFileType = sourcecode.swift; path = SingletonObject.swift; sourceTree = "<group>"; };
		1C679BA41B09F776006D6445 /* ShowAlert.swift */ = {isa = PBXFileReference; fileEncoding = 4; lastKnownFileType = sourcecode.swift; path = ShowAlert.swift; sourceTree = "<group>"; };
		1C679BA71B09F79B006D6445 /* GetService.swift */ = {isa = PBXFileReference; fileEncoding = 4; lastKnownFileType = sourcecode.swift; path = GetService.swift; sourceTree = "<group>"; };
		1C679BAC1B09FA30006D6445 /* SecondTabController.swift */ = {isa = PBXFileReference; fileEncoding = 4; lastKnownFileType = sourcecode.swift; path = SecondTabController.swift; sourceTree = "<group>"; };
		1C79709E1B3D539E0026886E /* image1.jpg */ = {isa = PBXFileReference; lastKnownFileType = image.jpeg; path = image1.jpg; sourceTree = "<group>"; };
		1C79709F1B3D539E0026886E /* image2.jpg */ = {isa = PBXFileReference; lastKnownFileType = image.jpeg; path = image2.jpg; sourceTree = "<group>"; };
		1C7970A01B3D539E0026886E /* image3.jpg */ = {isa = PBXFileReference; lastKnownFileType = image.jpeg; path = image3.jpg; sourceTree = "<group>"; };
		1C7970A11B3D539E0026886E /* image4.jpg */ = {isa = PBXFileReference; lastKnownFileType = image.jpeg; path = image4.jpg; sourceTree = "<group>"; };
		1C7970A21B3D539E0026886E /* image5.jpg */ = {isa = PBXFileReference; lastKnownFileType = image.jpeg; path = image5.jpg; sourceTree = "<group>"; };
		1C7970A31B3D539E0026886E /* image6.jpg */ = {isa = PBXFileReference; lastKnownFileType = image.jpeg; path = image6.jpg; sourceTree = "<group>"; };
		1C7970A41B3D539E0026886E /* Smyril-Line-logo.png */ = {isa = PBXFileReference; lastKnownFileType = image.png; path = "Smyril-Line-logo.png"; sourceTree = "<group>"; };
		1C898A5A1B1401900007BC2A /* Annotation.swift */ = {isa = PBXFileReference; fileEncoding = 4; lastKnownFileType = sourcecode.swift; path = Annotation.swift; sourceTree = "<group>"; };
		1C898A621B1452A90007BC2A /* FirstTabController.swift */ = {isa = PBXFileReference; fileEncoding = 4; lastKnownFileType = sourcecode.swift; path = FirstTabController.swift; sourceTree = "<group>"; };
		1CBCAEB91B0C4D6600B4FCB4 /* FourthTabController.swift */ = {isa = PBXFileReference; fileEncoding = 4; lastKnownFileType = sourcecode.swift; path = FourthTabController.swift; sourceTree = "<group>"; };
		1CD80E9C1B135B7A00C767AB /* CoreLocation.framework */ = {isa = PBXFileReference; lastKnownFileType = wrapper.framework; name = CoreLocation.framework; path = System/Library/Frameworks/CoreLocation.framework; sourceTree = SDKROOT; };
		1CD80E9E1B135B9500C767AB /* CoreGraphics.framework */ = {isa = PBXFileReference; lastKnownFileType = wrapper.framework; name = CoreGraphics.framework; path = System/Library/Frameworks/CoreGraphics.framework; sourceTree = SDKROOT; };
		1CDC47921B0B5A47001CC8F5 /* ViewController.swift */ = {isa = PBXFileReference; fileEncoding = 4; lastKnownFileType = sourcecode.swift; path = ViewController.swift; sourceTree = "<group>"; };
		1CDC47931B0B5A47001CC8F5 /* PageItemController.swift */ = {isa = PBXFileReference; fileEncoding = 4; lastKnownFileType = sourcecode.swift; path = PageItemController.swift; sourceTree = "<group>"; };
/* End PBXFileReference section */

/* Begin PBXFrameworksBuildPhase section */
		1C679B6C1B09EF4D006D6445 /* Frameworks */ = {
			isa = PBXFrameworksBuildPhase;
			buildActionMask = 2147483647;
			files = (
				1CD80E9F1B135B9500C767AB /* CoreGraphics.framework in Frameworks */,
				1CD80E9D1B135B7A00C767AB /* CoreLocation.framework in Frameworks */,
			);
			runOnlyForDeploymentPostprocessing = 0;
		};
		1C679B831B09EF4D006D6445 /* Frameworks */ = {
			isa = PBXFrameworksBuildPhase;
			buildActionMask = 2147483647;
			files = (
			);
			runOnlyForDeploymentPostprocessing = 0;
		};
/* End PBXFrameworksBuildPhase section */

/* Begin PBXGroup section */
		1C679B661B09EF4D006D6445 = {
			isa = PBXGroup;
			children = (
				1C679B711B09EF4D006D6445 /* MCP */,
				1C679B891B09EF4D006D6445 /* MCPTests */,
				1C679B701B09EF4D006D6445 /* Products */,
			);
			sourceTree = "<group>";
		};
		1C679B701B09EF4D006D6445 /* Products */ = {
			isa = PBXGroup;
			children = (
				1C679B6F1B09EF4D006D6445 /* MCP.app */,
				1C679B861B09EF4D006D6445 /* MCPTests.xctest */,
			);
			name = Products;
			sourceTree = "<group>";
		};
		1C679B711B09EF4D006D6445 /* MCP */ = {
			isa = PBXGroup;
			children = (
				1C679B741B09EF4D006D6445 /* AppDelegate.swift */,
				1C679BA61B09F785006D6445 /* API Call */,
				1C679B981B09F390006D6445 /* First Tab Controller */,
				1C898A591B1401570007BC2A /* Map Direction */,
				1C679B991B09F3BD006D6445 /* Misc */,
				1C679BA91B09F9D3006D6445 /* Second Tab Controller */,
				1CDC47911B0B5A21001CC8F5 /* Third Tab Controller */,
				1CD80E9B1B135B5D00C767AB /* Frameworks */,
				1CBCAEB81B0C4D0F00B4FCB4 /* Test */,
				1C679B7A1B09EF4D006D6445 /* Main.storyboard */,
				1C679B7D1B09EF4D006D6445 /* Images.xcassets */,
				1C679B7F1B09EF4D006D6445 /* LaunchScreen.xib */,
				1C679B721B09EF4D006D6445 /* Supporting Files */,
			);
			path = MCP;
			sourceTree = "<group>";
		};
		1C679B721B09EF4D006D6445 /* Supporting Files */ = {
			isa = PBXGroup;
			children = (
				1C79709E1B3D539E0026886E /* image1.jpg */,
				1C79709F1B3D539E0026886E /* image2.jpg */,
				1C7970A01B3D539E0026886E /* image3.jpg */,
				1C7970A11B3D539E0026886E /* image4.jpg */,
				1C7970A21B3D539E0026886E /* image5.jpg */,
				1C7970A31B3D539E0026886E /* image6.jpg */,
				1C7970A41B3D539E0026886E /* Smyril-Line-logo.png */,
				1C679B731B09EF4D006D6445 /* Info.plist */,
			);
			name = "Supporting Files";
			sourceTree = "<group>";
		};
		1C679B891B09EF4D006D6445 /* MCPTests */ = {
			isa = PBXGroup;
			children = (
				1C679B8C1B09EF4D006D6445 /* MCPTests.swift */,
				1C679B8A1B09EF4D006D6445 /* Supporting Files */,
			);
			path = MCPTests;
			sourceTree = "<group>";
		};
		1C679B8A1B09EF4D006D6445 /* Supporting Files */ = {
			isa = PBXGroup;
			children = (
				1C679B8B1B09EF4D006D6445 /* Info.plist */,
			);
			name = "Supporting Files";
			sourceTree = "<group>";
		};
		1C679B981B09F390006D6445 /* First Tab Controller */ = {
			isa = PBXGroup;
			children = (
				1C898A621B1452A90007BC2A /* FirstTabController.swift */,
				1C679B9E1B09F75B006D6445 /* DataSet.swift */,
				1C679B9F1B09F75B006D6445 /* DataManager.swift */,
				1C679BA01B09F75B006D6445 /* SingletonObject.swift */,
			);
			name = "First Tab Controller";
			sourceTree = "<group>";
		};
		1C679B991B09F3BD006D6445 /* Misc */ = {
			isa = PBXGroup;
			children = (
				1C679B9A1B09F3D1006D6445 /* InternetConnection.swift */,
				1C679B9B1B09F3D1006D6445 /* Settings.swift */,
				1C679BA41B09F776006D6445 /* ShowAlert.swift */,
			);
			name = Misc;
			sourceTree = "<group>";
		};
		1C679BA61B09F785006D6445 /* API Call */ = {
			isa = PBXGroup;
			children = (
				1C679BA71B09F79B006D6445 /* GetService.swift */,
			);
			name = "API Call";
			sourceTree = "<group>";
		};
		1C679BA91B09F9D3006D6445 /* Second Tab Controller */ = {
			isa = PBXGroup;
			children = (
				1C679BAC1B09FA30006D6445 /* SecondTabController.swift */,
			);
			name = "Second Tab Controller";
			sourceTree = "<group>";
		};
		1C898A591B1401570007BC2A /* Map Direction */ = {
			isa = PBXGroup;
			children = (
				1C898A5A1B1401900007BC2A /* Annotation.swift */,
			);
			name = "Map Direction";
			sourceTree = "<group>";
		};
		1CBCAEB81B0C4D0F00B4FCB4 /* Test */ = {
			isa = PBXGroup;
			children = (
				1CBCAEB91B0C4D6600B4FCB4 /* FourthTabController.swift */,
			);
			name = Test;
			sourceTree = "<group>";
		};
		1CD80E9B1B135B5D00C767AB /* Frameworks */ = {
			isa = PBXGroup;
			children = (
				1CD80E9C1B135B7A00C767AB /* CoreLocation.framework */,
				1CD80E9E1B135B9500C767AB /* CoreGraphics.framework */,
			);
			name = Frameworks;
			sourceTree = "<group>";
		};
		1CDC47911B0B5A21001CC8F5 /* Third Tab Controller */ = {
			isa = PBXGroup;
			children = (
				1CDC47921B0B5A47001CC8F5 /* ViewController.swift */,
				1CDC47931B0B5A47001CC8F5 /* PageItemController.swift */,
			);
			name = "Third Tab Controller";
			sourceTree = "<group>";
		};
/* End PBXGroup section */

/* Begin PBXNativeTarget section */
		1C679B6E1B09EF4D006D6445 /* MCP */ = {
			isa = PBXNativeTarget;
			buildConfigurationList = 1C679B901B09EF4D006D6445 /* Build configuration list for PBXNativeTarget "MCP" */;
			buildPhases = (
				1C679B6B1B09EF4D006D6445 /* Sources */,
				1C679B6C1B09EF4D006D6445 /* Frameworks */,
				1C679B6D1B09EF4D006D6445 /* Resources */,
			);
			buildRules = (
			);
			dependencies = (
			);
			name = MCP;
			productName = MCP;
			productReference = 1C679B6F1B09EF4D006D6445 /* MCP.app */;
			productType = "com.apple.product-type.application";
		};
		1C679B851B09EF4D006D6445 /* MCPTests */ = {
			isa = PBXNativeTarget;
			buildConfigurationList = 1C679B931B09EF4D006D6445 /* Build configuration list for PBXNativeTarget "MCPTests" */;
			buildPhases = (
				1C679B821B09EF4D006D6445 /* Sources */,
				1C679B831B09EF4D006D6445 /* Frameworks */,
				1C679B841B09EF4D006D6445 /* Resources */,
			);
			buildRules = (
			);
			dependencies = (
				1C679B881B09EF4D006D6445 /* PBXTargetDependency */,
			);
			name = MCPTests;
			productName = MCPTests;
			productReference = 1C679B861B09EF4D006D6445 /* MCPTests.xctest */;
			productType = "com.apple.product-type.bundle.unit-test";
		};
/* End PBXNativeTarget section */

/* Begin PBXProject section */
		1C679B671B09EF4D006D6445 /* Project object */ = {
			isa = PBXProject;
			attributes = {
				LastUpgradeCheck = 0630;
				ORGANIZATIONNAME = Nascenia;
				TargetAttributes = {
					1C679B6E1B09EF4D006D6445 = {
						CreatedOnToolsVersion = 6.3.1;
						DevelopmentTeam = 79YLMQ62DM;
					};
					1C679B851B09EF4D006D6445 = {
						CreatedOnToolsVersion = 6.3.1;
						TestTargetID = 1C679B6E1B09EF4D006D6445;
					};
				};
			};
			buildConfigurationList = 1C679B6A1B09EF4D006D6445 /* Build configuration list for PBXProject "MCP" */;
			compatibilityVersion = "Xcode 3.2";
			developmentRegion = English;
			hasScannedForEncodings = 0;
			knownRegions = (
				en,
				Base,
			);
			mainGroup = 1C679B661B09EF4D006D6445;
			productRefGroup = 1C679B701B09EF4D006D6445 /* Products */;
			projectDirPath = "";
			projectRoot = "";
			targets = (
				1C679B6E1B09EF4D006D6445 /* MCP */,
				1C679B851B09EF4D006D6445 /* MCPTests */,
			);
		};
/* End PBXProject section */

/* Begin PBXResourcesBuildPhase section */
		1C679B6D1B09EF4D006D6445 /* Resources */ = {
			isa = PBXResourcesBuildPhase;
			buildActionMask = 2147483647;
			files = (
				1C679B7C1B09EF4D006D6445 /* Main.storyboard in Resources */,
				1C7970A91B3D539E0026886E /* image5.jpg in Resources */,
				1C7970A61B3D539E0026886E /* image2.jpg in Resources */,
				1C7970A51B3D539E0026886E /* image1.jpg in Resources */,
				1C7970A71B3D539E0026886E /* image3.jpg in Resources */,
				1C7970A81B3D539E0026886E /* image4.jpg in Resources */,
				1C7970AA1B3D539E0026886E /* image6.jpg in Resources */,
				1C679B811B09EF4D006D6445 /* LaunchScreen.xib in Resources */,
				1C7970AB1B3D539E0026886E /* Smyril-Line-logo.png in Resources */,
				1C679B7E1B09EF4D006D6445 /* Images.xcassets in Resources */,
			);
			runOnlyForDeploymentPostprocessing = 0;
		};
		1C679B841B09EF4D006D6445 /* Resources */ = {
			isa = PBXResourcesBuildPhase;
			buildActionMask = 2147483647;
			files = (
			);
			runOnlyForDeploymentPostprocessing = 0;
		};
/* End PBXResourcesBuildPhase section */

/* Begin PBXSourcesBuildPhase section */
		1C679B6B1B09EF4D006D6445 /* Sources */ = {
			isa = PBXSourcesBuildPhase;
			buildActionMask = 2147483647;
			files = (
				1C679B9C1B09F3D1006D6445 /* InternetConnection.swift in Sources */,
				1C679BA21B09F75B006D6445 /* DataManager.swift in Sources */,
				1C679BAD1B09FA30006D6445 /* SecondTabController.swift in Sources */,
				1C679BA11B09F75B006D6445 /* DataSet.swift in Sources */,
				1C898A631B1452A90007BC2A /* FirstTabController.swift in Sources */,
				1C898A5B1B1401900007BC2A /* Annotation.swift in Sources */,
				1C679BA81B09F79B006D6445 /* GetService.swift in Sources */,
				1CDC47941B0B5A47001CC8F5 /* ViewController.swift in Sources */,
				1CDC47951B0B5A47001CC8F5 /* PageItemController.swift in Sources */,
				1C679BA51B09F776006D6445 /* ShowAlert.swift in Sources */,
				1C679B9D1B09F3D1006D6445 /* Settings.swift in Sources */,
				1CBCAEBA1B0C4D6600B4FCB4 /* FourthTabController.swift in Sources */,
				1C679B751B09EF4D006D6445 /* AppDelegate.swift in Sources */,
				1C679BA31B09F75B006D6445 /* SingletonObject.swift in Sources */,
			);
			runOnlyForDeploymentPostprocessing = 0;
		};
		1C679B821B09EF4D006D6445 /* Sources */ = {
			isa = PBXSourcesBuildPhase;
			buildActionMask = 2147483647;
			files = (
				1C679B8D1B09EF4D006D6445 /* MCPTests.swift in Sources */,
			);
			runOnlyForDeploymentPostprocessing = 0;
		};
/* End PBXSourcesBuildPhase section */

/* Begin PBXTargetDependency section */
		1C679B881B09EF4D006D6445 /* PBXTargetDependency */ = {
			isa = PBXTargetDependency;
			target = 1C679B6E1B09EF4D006D6445 /* MCP */;
			targetProxy = 1C679B871B09EF4D006D6445 /* PBXContainerItemProxy */;
		};
/* End PBXTargetDependency section */

/* Begin PBXVariantGroup section */
		1C679B7A1B09EF4D006D6445 /* Main.storyboard */ = {
			isa = PBXVariantGroup;
			children = (
				1C679B7B1B09EF4D006D6445 /* Base */,
			);
			name = Main.storyboard;
			sourceTree = "<group>";
		};
		1C679B7F1B09EF4D006D6445 /* LaunchScreen.xib */ = {
			isa = PBXVariantGroup;
			children = (
				1C679B801B09EF4D006D6445 /* Base */,
			);
			name = LaunchScreen.xib;
			sourceTree = "<group>";
		};
/* End PBXVariantGroup section */

/* Begin XCBuildConfiguration section */
		1C679B8E1B09EF4D006D6445 /* Debug */ = {
			isa = XCBuildConfiguration;
			buildSettings = {
				ALWAYS_SEARCH_USER_PATHS = NO;
				CLANG_CXX_LANGUAGE_STANDARD = "gnu++0x";
				CLANG_CXX_LIBRARY = "libc++";
				CLANG_ENABLE_MODULES = YES;
				CLANG_ENABLE_OBJC_ARC = YES;
				CLANG_WARN_BOOL_CONVERSION = YES;
				CLANG_WARN_CONSTANT_CONVERSION = YES;
				CLANG_WARN_DIRECT_OBJC_ISA_USAGE = YES_ERROR;
				CLANG_WARN_EMPTY_BODY = YES;
				CLANG_WARN_ENUM_CONVERSION = YES;
				CLANG_WARN_INT_CONVERSION = YES;
				CLANG_WARN_OBJC_ROOT_CLASS = YES_ERROR;
				CLANG_WARN_UNREACHABLE_CODE = YES;
				CLANG_WARN__DUPLICATE_METHOD_MATCH = YES;
				CODE_SIGN_IDENTITY = "iPhone Developer";
				"CODE_SIGN_IDENTITY[sdk=iphoneos*]" = "iPhone Developer";
				COPY_PHASE_STRIP = NO;
				DEBUG_INFORMATION_FORMAT = "dwarf-with-dsym";
				ENABLE_STRICT_OBJC_MSGSEND = YES;
				GCC_C_LANGUAGE_STANDARD = gnu99;
				GCC_DYNAMIC_NO_PIC = NO;
				GCC_NO_COMMON_BLOCKS = YES;
				GCC_OPTIMIZATION_LEVEL = 0;
				GCC_PREPROCESSOR_DEFINITIONS = (
					"DEBUG=1",
					"$(inherited)",
				);
				GCC_SYMBOLS_PRIVATE_EXTERN = NO;
				GCC_WARN_64_TO_32_BIT_CONVERSION = YES;
				GCC_WARN_ABOUT_RETURN_TYPE = YES_ERROR;
				GCC_WARN_UNDECLARED_SELECTOR = YES;
				GCC_WARN_UNINITIALIZED_AUTOS = YES_AGGRESSIVE;
				GCC_WARN_UNUSED_FUNCTION = YES;
				GCC_WARN_UNUSED_VARIABLE = YES;
				IPHONEOS_DEPLOYMENT_TARGET = 7.0;
				MTL_ENABLE_DEBUG_INFO = YES;
				ONLY_ACTIVE_ARCH = YES;
				SDKROOT = iphoneos;
				SWIFT_OPTIMIZATION_LEVEL = "-Onone";
			};
			name = Debug;
		};
		1C679B8F1B09EF4D006D6445 /* Release */ = {
			isa = XCBuildConfiguration;
			buildSettings = {
				ALWAYS_SEARCH_USER_PATHS = NO;
				CLANG_CXX_LANGUAGE_STANDARD = "gnu++0x";
				CLANG_CXX_LIBRARY = "libc++";
				CLANG_ENABLE_MODULES = YES;
				CLANG_ENABLE_OBJC_ARC = YES;
				CLANG_WARN_BOOL_CONVERSION = YES;
				CLANG_WARN_CONSTANT_CONVERSION = YES;
				CLANG_WARN_DIRECT_OBJC_ISA_USAGE = YES_ERROR;
				CLANG_WARN_EMPTY_BODY = YES;
				CLANG_WARN_ENUM_CONVERSION = YES;
				CLANG_WARN_INT_CONVERSION = YES;
				CLANG_WARN_OBJC_ROOT_CLASS = YES_ERROR;
				CLANG_WARN_UNREACHABLE_CODE = YES;
				CLANG_WARN__DUPLICATE_METHOD_MATCH = YES;
				CODE_SIGN_IDENTITY = "iPhone Developer";
				"CODE_SIGN_IDENTITY[sdk=iphoneos*]" = "iPhone Developer";
				COPY_PHASE_STRIP = NO;
				DEBUG_INFORMATION_FORMAT = "dwarf-with-dsym";
				ENABLE_NS_ASSERTIONS = NO;
				ENABLE_STRICT_OBJC_MSGSEND = YES;
				GCC_C_LANGUAGE_STANDARD = gnu99;
				GCC_NO_COMMON_BLOCKS = YES;
				GCC_WARN_64_TO_32_BIT_CONVERSION = YES;
				GCC_WARN_ABOUT_RETURN_TYPE = YES_ERROR;
				GCC_WARN_UNDECLARED_SELECTOR = YES;
				GCC_WARN_UNINITIALIZED_AUTOS = YES_AGGRESSIVE;
				GCC_WARN_UNUSED_FUNCTION = YES;
				GCC_WARN_UNUSED_VARIABLE = YES;
				IPHONEOS_DEPLOYMENT_TARGET = 7.0;
				MTL_ENABLE_DEBUG_INFO = NO;
				SDKROOT = iphoneos;
				VALIDATE_PRODUCT = YES;
			};
			name = Release;
		};
		1C679B911B09EF4D006D6445 /* Debug */ = {
			isa = XCBuildConfiguration;
			buildSettings = {
				ASSETCATALOG_COMPILER_APPICON_NAME = AppIcon;
				CLANG_ENABLE_MODULES = YES;
				CODE_SIGN_IDENTITY = "iPhone Developer";
				INFOPLIST_FILE = MCP/Info.plist;
				IPHONEOS_DEPLOYMENT_TARGET = 7.0;
				LD_RUNPATH_SEARCH_PATHS = "$(inherited) @executable_path/Frameworks";
				PRODUCT_NAME = "$(TARGET_NAME)";
				SWIFT_OBJC_BRIDGING_HEADER = "";
				SWIFT_OPTIMIZATION_LEVEL = "-Onone";
			};
			name = Debug;
		};
		1C679B921B09EF4D006D6445 /* Release */ = {
			isa = XCBuildConfiguration;
			buildSettings = {
				ASSETCATALOG_COMPILER_APPICON_NAME = AppIcon;
				CLANG_ENABLE_MODULES = YES;
				CODE_SIGN_IDENTITY = "iPhone Developer";
				INFOPLIST_FILE = MCP/Info.plist;
				IPHONEOS_DEPLOYMENT_TARGET = 7.0;
				LD_RUNPATH_SEARCH_PATHS = "$(inherited) @executable_path/Frameworks";
				PRODUCT_NAME = "$(TARGET_NAME)";
				SWIFT_OBJC_BRIDGING_HEADER = "";
			};
			name = Release;
		};
		1C679B941B09EF4D006D6445 /* Debug */ = {
			isa = XCBuildConfiguration;
			buildSettings = {
				BUNDLE_LOADER = "$(TEST_HOST)";
				FRAMEWORK_SEARCH_PATHS = (
					"$(SDKROOT)/Developer/Library/Frameworks",
					"$(inherited)",
				);
				GCC_PREPROCESSOR_DEFINITIONS = (
					"DEBUG=1",
					"$(inherited)",
				);
				INFOPLIST_FILE = MCPTests/Info.plist;
				LD_RUNPATH_SEARCH_PATHS = "$(inherited) @executable_path/Frameworks @loader_path/Frameworks";
				PRODUCT_NAME = "$(TARGET_NAME)";
				TEST_HOST = "$(BUILT_PRODUCTS_DIR)/MCP.app/MCP";
			};
			name = Debug;
		};
		1C679B951B09EF4D006D6445 /* Release */ = {
			isa = XCBuildConfiguration;
			buildSettings = {
				BUNDLE_LOADER = "$(TEST_HOST)";
				FRAMEWORK_SEARCH_PATHS = (
					"$(SDKROOT)/Developer/Library/Frameworks",
					"$(inherited)",
				);
				INFOPLIST_FILE = MCPTests/Info.plist;
				LD_RUNPATH_SEARCH_PATHS = "$(inherited) @executable_path/Frameworks @loader_path/Frameworks";
				PRODUCT_NAME = "$(TARGET_NAME)";
				TEST_HOST = "$(BUILT_PRODUCTS_DIR)/MCP.app/MCP";
			};
			name = Release;
		};
/* End XCBuildConfiguration section */

/* Begin XCConfigurationList section */
		1C679B6A1B09EF4D006D6445 /* Build configuration list for PBXProject "MCP" */ = {
			isa = XCConfigurationList;
			buildConfigurations = (
				1C679B8E1B09EF4D006D6445 /* Debug */,
				1C679B8F1B09EF4D006D6445 /* Release */,
			);
			defaultConfigurationIsVisible = 0;
			defaultConfigurationName = Release;
		};
		1C679B901B09EF4D006D6445 /* Build configuration list for PBXNativeTarget "MCP" */ = {
			isa = XCConfigurationList;
			buildConfigurations = (
				1C679B911B09EF4D006D6445 /* Debug */,
				1C679B921B09EF4D006D6445 /* Release */,
			);
			defaultConfigurationIsVisible = 0;
			defaultConfigurationName = Release;
		};
		1C679B931B09EF4D006D6445 /* Build configuration list for PBXNativeTarget "MCPTests" */ = {
			isa = XCConfigurationList;
			buildConfigurations = (
				1C679B941B09EF4D006D6445 /* Debug */,
				1C679B951B09EF4D006D6445 /* Release */,
			);
			defaultConfigurationIsVisible = 0;
			defaultConfigurationName = Release;
		};
/* End XCConfigurationList section */
	};
	rootObject = 1C679B671B09EF4D006D6445 /* Project object */;
}
